
Microsoft Visual Studio Solution File, Format Version 12.00
# Visual Studio Version 17
VisualStudioVersion = 17.13.35806.99
MinimumVisualStudioVersion = 10.0.40219.1
Project("{FAE04EC0-301F-11D3-BF4B-00C04F79EFBC}") = "CommonApi", "CommonApi.csproj", "{86B666C2-F341-4DB6-AF51-E87EFB71CD4E}"
EndProject
Project("{FAE04EC0-301F-11D3-BF4B-00C04F79EFBC}") = "EventManagementSystem", "..\GuestMaster\EventManagementSystem.csproj", "{C5DA5676-BE76-45A9-A428-ED7FFF5F88AE}"
EndProject
Project("{FAE04EC0-301F-11D3-BF4B-00C04F79EFBC}") = "Utility", "..\Utility\Utility.csproj", "{A6224F5C-8ADA-4054-9F75-9127E73738A4}"
EndProject
Global
	GlobalSection(SolutionConfigurationPlatforms) = preSolution
		Debug|Any CPU = Debug|Any CPU
		Release|Any CPU = Release|Any CPU
	EndGlobalSection
	GlobalSection(ProjectConfigurationPlatforms) = postSolution
		{86B666C2-F341-4DB6-AF51-E87EFB71CD4E}.Debug|Any CPU.ActiveCfg = Debug|Any CPU
		{86B666C2-F341-4DB6-AF51-E87EFB71CD4E}.Debug|Any CPU.Build.0 = Debug|Any CPU
		{86B666C2-F341-4DB6-AF51-E87EFB71CD4E}.Release|Any CPU.ActiveCfg = Release|Any CPU
		{86B666C2-F341-4DB6-AF51-E87EFB71CD4E}.Release|Any CPU.Build.0 = Release|Any CPU
		{C5DA5676-BE76-45A9-A428-ED7FFF5F88AE}.Debug|Any CPU.ActiveCfg = Debug|Any CPU
		{C5DA5676-BE76-45A9-A428-ED7FFF5F88AE}.Debug|Any CPU.Build.0 = Debug|Any CPU
		{C5DA5676-BE76-45A9-A428-ED7FFF5F88AE}.Release|Any CPU.ActiveCfg = Release|Any CPU
		{C5DA5676-BE76-45A9-A428-ED7FFF5F88AE}.Release|Any CPU.Build.0 = Release|Any CPU
		{A6224F5C-8ADA-4054-9F75-9127E73738A4}.Debug|Any CPU.ActiveCfg = Debug|Any CPU
		{A6224F5C-8ADA-4054-9F75-9127E73738A4}.Debug|Any CPU.Build.0 = Debug|Any CPU
		{A6224F5C-8ADA-4054-9F75-9127E73738A4}.Release|Any CPU.ActiveCfg = Release|Any CPU
		{A6224F5C-8ADA-4054-9F75-9127E73738A4}.Release|Any CPU.Build.0 = Release|Any CPU
	EndGlobalSection
	GlobalSection(SolutionProperties) = preSolution
		HideSolutionNode = FALSE
	EndGlobalSection
	GlobalSection(ExtensibilityGlobals) = postSolution
		SolutionGuid = {ACC79842-97E3-4341-A653-FDEDA4CF94F6}
	EndGlobalSection
EndGlobal
